// !$*UTF8*$!
{
	archiveVersion = 1;
	classes = {
	};
	objectVersion = 77;
	objects = {

/* Begin PBXBuildFile section */
		0249CFCDE8ECEC720327A14E /* NotificationManager.swift in Sources */ = {isa = PBXBuildFile; fileRef = 39EF9DF604D44F110E13E700 /* NotificationManager.swift */; };
		1C1B8C8A4BA0781437B2C80D /* LoadEventRecorder.swift in Sources */ = {isa = PBXBuildFile; fileRef = F32BAECC0C63757D72D362C0 /* LoadEventRecorder.swift */; };
		1E301E7272D5513025342E71 /* CPUData.swift in Sources */ = {isa = PBXBuildFile; fileRef = 34955E158139D57CB4AEBAAA /* CPUData.swift */; };
		1F345B9EE8331C61FCA39DA2 /* CPUView.swift in Sources */ = {isa = PBXBuildFile; fileRef = FBD52C8558D54DA8D5A3ADF5 /* CPUView.swift */; };
		1F7BCA57A2FD51EB19DDDFC9 /* SystemInfoMonitor.swift in Sources */ = {isa = PBXBuildFile; fileRef = 70C61C850907860E18087902 /* SystemInfoMonitor.swift */; };
		20988019CC5446D5F45B7C93 /* SystemView.swift in Sources */ = {isa = PBXBuildFile; fileRef = 2F01EF23844F73A716485ABF /* SystemView.swift */; };
		3064C4B37B50BEDB46670382 /* LoadEvent.swift in Sources */ = {isa = PBXBuildFile; fileRef = A83B53EBCB4093365BA887AF /* LoadEvent.swift */; };
		316C2DC444A9F6F0D2AD17C0 /* AppDelegate.swift in Sources */ = {isa = PBXBuildFile; fileRef = E834B54848ADAF8DFF62D71C /* AppDelegate.swift */; };
		3B67954B814F634CCC8E3317 /* OverviewView.swift in Sources */ = {isa = PBXBuildFile; fileRef = 2BE663062A164FF50AEA5A5B /* OverviewView.swift */; };
		3BDF1F3C037AF0A7BB812C2B /* MacMonitorWidget.swift in Sources */ = {isa = PBXBuildFile; fileRef = 956A2D77E9E707DBD64F087E /* MacMonitorWidget.swift */; };
		3E154C3EABA19A9BFE77011F /* Assets.xcassets in Resources */ = {isa = PBXBuildFile; fileRef = 3E18047C78AC4A9C76FD3C94 /* Assets.xcassets */; };
		3F96E291BBD4118390C13A58 /* LoadHistoryView.swift in Sources */ = {isa = PBXBuildFile; fileRef = BD1F2C69AD1FD9B851D86678 /* LoadHistoryView.swift */; };
		408B256EA2F9153EC5499FF4 /* CodeSigningHelper.swift in Sources */ = {isa = PBXBuildFile; fileRef = 321FDCDABD11F6C980C23890 /* CodeSigningHelper.swift */; };
		4CD089720258E11BF68E5874 /* DesignSystem.swift in Sources */ = {isa = PBXBuildFile; fileRef = FE2826049532D220AD15B67E /* DesignSystem.swift */; };
		4D2B04DBA3EE0D491652357C /* MemoryData.swift in Sources */ = {isa = PBXBuildFile; fileRef = 2BE2A5209C6B8B7DFCBF28CB /* MemoryData.swift */; };
		513F95D66EFE7A0D66FE3C13 /* ProcessData.swift in Sources */ = {isa = PBXBuildFile; fileRef = 2A5384AD417E35DA97061EB4 /* ProcessData.swift */; };
		51E697F2A7BD45976BE0C08B /* FanView.swift in Sources */ = {isa = PBXBuildFile; fileRef = 1845DA4C87C3D414273CEF78 /* FanView.swift */; };
		553995AFA191A8074469EB44 /* MacMonitorIntents.swift in Sources */ = {isa = PBXBuildFile; fileRef = 01EF8C6B4BDD942042F6B29E /* MacMonitorIntents.swift */; };
		5AEC3BDAACED23FDA2EBE737 /* FanData.swift in Sources */ = {isa = PBXBuildFile; fileRef = 0C21C6B0BF954BB57774F2CA /* FanData.swift */; };
		5CC99000CAF7E07B9019A1B1 /* SecurityView.swift in Sources */ = {isa = PBXBuildFile; fileRef = 6AE22E0BB70F71D6AF89D400 /* SecurityView.swift */; };
		5CDB439FB0006D794192C21F /* WidgetSnapshot.swift in Sources */ = {isa = PBXBuildFile; fileRef = 6A4BCBD7554311D8EE1BEFB0 /* WidgetSnapshot.swift */; };
		60B6F28F161D10ACB209F18B /* WidgetDataStore.swift in Sources */ = {isa = PBXBuildFile; fileRef = 2E70571F193EF34743CB92A4 /* WidgetDataStore.swift */; };
		6E1FFA47A32BC7B2BED9C5F3 /* ProcessMonitor.swift in Sources */ = {isa = PBXBuildFile; fileRef = DE0FDA23545B5F19F36EDEE5 /* ProcessMonitor.swift */; };
		6E567E491FE1C330A6C43A10 /* MacMonitorWidgetExtension.appex in Embed Foundation Extensions */ = {isa = PBXBuildFile; fileRef = 2F42311BBE5B361C001A58F3 /* MacMonitorWidgetExtension.appex */; settings = {ATTRIBUTES = (RemoveHeadersOnCopy, ); }; };
		72EA111240EC76961784AD1A /* FanMonitor.swift in Sources */ = {isa = PBXBuildFile; fileRef = DBA6795B7908176862982916 /* FanMonitor.swift */; };
		7812050B3052647CAB45CC97 /* HelpView.swift in Sources */ = {isa = PBXBuildFile; fileRef = 1CB2C60089B525A44864FFE2 /* HelpView.swift */; };
		792FC154738D5954BD362704 /* Localization.swift in Sources */ = {isa = PBXBuildFile; fileRef = 58C27302D04D791A44DFCCE8 /* Localization.swift */; };
		9C01D58BF62FC431CCD278CB /* MemoryMonitor.swift in Sources */ = {isa = PBXBuildFile; fileRef = BB3BE8547CA9B212E0414EF8 /* MemoryMonitor.swift */; };
		9F39980D7FEBB8B644D41C56 /* SmartInsightsEngine.swift in Sources */ = {isa = PBXBuildFile; fileRef = 499E4FBFD2EE96C8B0DAEE0B /* SmartInsightsEngine.swift */; };
		A42A74AF694C824DE800EE76 /* SecurityMonitor.swift in Sources */ = {isa = PBXBuildFile; fileRef = B93691DC41F67461F111D997 /* SecurityMonitor.swift */; };
		A453C0C552A4FA02C50D7748 /* MainView.swift in Sources */ = {isa = PBXBuildFile; fileRef = 81582A32BC3C254809DD5791 /* MainView.swift */; };
		B18B89E38FB7F4C533A4BE19 /* CPUMonitor.swift in Sources */ = {isa = PBXBuildFile; fileRef = 11933E46A4F4F8DA10206995 /* CPUMonitor.swift */; };
		CDE27241E2F7E2F005BD7D5C /* MenuBarView.swift in Sources */ = {isa = PBXBuildFile; fileRef = EA5244407161954467EF142D /* MenuBarView.swift */; };
		CF538FAB539219F76E4C5C12 /* MemoryView.swift in Sources */ = {isa = PBXBuildFile; fileRef = 495F96A49A615ECA1C7F04F9 /* MemoryView.swift */; };
		D4EBFBDA8EB9A3D16D699A0D /* MacMonitorApp.swift in Sources */ = {isa = PBXBuildFile; fileRef = 2B9919AF4029A1253D623A30 /* MacMonitorApp.swift */; };
		DCC0DFABA7BCA027E5B52AA6 /* FeatureCapability.swift in Sources */ = {isa = PBXBuildFile; fileRef = 5BFA2B5D6D34876577F4FF60 /* FeatureCapability.swift */; };
		E3EF4BBD5222100B60C5C9E1 /* LoadEventRowView.swift in Sources */ = {isa = PBXBuildFile; fileRef = 5523231E0D21426130F4DC2C /* LoadEventRowView.swift */; };
		EAFFCA3C08C91AF145E7C1DB /* SystemMonitors.swift in Sources */ = {isa = PBXBuildFile; fileRef = 5402A38F8A6102314D421E27 /* SystemMonitors.swift */; };
		FF8714B297FFE3A95D8F7076 /* ProcessView.swift in Sources */ = {isa = PBXBuildFile; fileRef = 210136B7721E698A1ADE4EB7 /* ProcessView.swift */; };
/* End PBXBuildFile section */

/* Begin PBXContainerItemProxy section */
		928E9C84D44DB7CE759AB2DE /* PBXContainerItemProxy */ = {
			isa = PBXContainerItemProxy;
			containerPortal = 50A0A2115D830ED94B0DCD89 /* Project object */;
			proxyType = 1;
			remoteGlobalIDString = CFF3C3DB347CB4A1C0805562;
			remoteInfo = MacMonitorWidgetExtension;
		};
/* End PBXContainerItemProxy section */

/* Begin PBXCopyFilesBuildPhase section */
		6778239AA82D46FF0E987FF2 /* Embed Foundation Extensions */ = {
			isa = PBXCopyFilesBuildPhase;
			buildActionMask = 2147483647;
			dstPath = "";
			dstSubfolderSpec = 13;
			files = (
				6E567E491FE1C330A6C43A10 /* MacMonitorWidgetExtension.appex in Embed Foundation Extensions */,
			);
			name = "Embed Foundation Extensions";
			runOnlyForDeploymentPostprocessing = 0;
		};
/* End PBXCopyFilesBuildPhase section */

/* Begin PBXFileReference section */
		01EF8C6B4BDD942042F6B29E /* MacMonitorIntents.swift */ = {isa = PBXFileReference; lastKnownFileType = sourcecode.swift; path = MacMonitorIntents.swift; sourceTree = "<group>"; };
		0C21C6B0BF954BB57774F2CA /* FanData.swift */ = {isa = PBXFileReference; lastKnownFileType = sourcecode.swift; path = FanData.swift; sourceTree = "<group>"; };
		11933E46A4F4F8DA10206995 /* CPUMonitor.swift */ = {isa = PBXFileReference; lastKnownFileType = sourcecode.swift; path = CPUMonitor.swift; sourceTree = "<group>"; };
		1845DA4C87C3D414273CEF78 /* FanView.swift */ = {isa = PBXFileReference; lastKnownFileType = sourcecode.swift; path = FanView.swift; sourceTree = "<group>"; };
		1CB2C60089B525A44864FFE2 /* HelpView.swift */ = {isa = PBXFileReference; lastKnownFileType = sourcecode.swift; path = HelpView.swift; sourceTree = "<group>"; };
		210136B7721E698A1ADE4EB7 /* ProcessView.swift */ = {isa = PBXFileReference; lastKnownFileType = sourcecode.swift; path = ProcessView.swift; sourceTree = "<group>"; };
		2A5384AD417E35DA97061EB4 /* ProcessData.swift */ = {isa = PBXFileReference; lastKnownFileType = sourcecode.swift; path = ProcessData.swift; sourceTree = "<group>"; };
		2B9919AF4029A1253D623A30 /* MacMonitorApp.swift */ = {isa = PBXFileReference; lastKnownFileType = sourcecode.swift; path = MacMonitorApp.swift; sourceTree = "<group>"; };
		2BE2A5209C6B8B7DFCBF28CB /* MemoryData.swift */ = {isa = PBXFileReference; lastKnownFileType = sourcecode.swift; path = MemoryData.swift; sourceTree = "<group>"; };
		2BE663062A164FF50AEA5A5B /* OverviewView.swift */ = {isa = PBXFileReference; lastKnownFileType = sourcecode.swift; path = OverviewView.swift; sourceTree = "<group>"; };
		2E70571F193EF34743CB92A4 /* WidgetDataStore.swift */ = {isa = PBXFileReference; lastKnownFileType = sourcecode.swift; path = WidgetDataStore.swift; sourceTree = "<group>"; };
		2F01EF23844F73A716485ABF /* SystemView.swift */ = {isa = PBXFileReference; lastKnownFileType = sourcecode.swift; path = SystemView.swift; sourceTree = "<group>"; };
		2F42311BBE5B361C001A58F3 /* MacMonitorWidgetExtension.appex */ = {isa = PBXFileReference; explicitFileType = "wrapper.app-extension"; includeInIndex = 0; path = MacMonitorWidgetExtension.appex; sourceTree = BUILT_PRODUCTS_DIR; };
		321FDCDABD11F6C980C23890 /* CodeSigningHelper.swift */ = {isa = PBXFileReference; lastKnownFileType = sourcecode.swift; path = CodeSigningHelper.swift; sourceTree = "<group>"; };
		34955E158139D57CB4AEBAAA /* CPUData.swift */ = {isa = PBXFileReference; lastKnownFileType = sourcecode.swift; path = CPUData.swift; sourceTree = "<group>"; };
		39EF9DF604D44F110E13E700 /* NotificationManager.swift */ = {isa = PBXFileReference; lastKnownFileType = sourcecode.swift; path = NotificationManager.swift; sourceTree = "<group>"; };
		3E18047C78AC4A9C76FD3C94 /* Assets.xcassets */ = {isa = PBXFileReference; lastKnownFileType = folder.assetcatalog; path = Assets.xcassets; sourceTree = "<group>"; };
		495F96A49A615ECA1C7F04F9 /* MemoryView.swift */ = {isa = PBXFileReference; lastKnownFileType = sourcecode.swift; path = MemoryView.swift; sourceTree = "<group>"; };
		499E4FBFD2EE96C8B0DAEE0B /* SmartInsightsEngine.swift */ = {isa = PBXFileReference; lastKnownFileType = sourcecode.swift; path = SmartInsightsEngine.swift; sourceTree = "<group>"; };
		5402A38F8A6102314D421E27 /* SystemMonitors.swift */ = {isa = PBXFileReference; lastKnownFileType = sourcecode.swift; path = SystemMonitors.swift; sourceTree = "<group>"; };
		5523231E0D21426130F4DC2C /* LoadEventRowView.swift */ = {isa = PBXFileReference; lastKnownFileType = sourcecode.swift; path = LoadEventRowView.swift; sourceTree = "<group>"; };
		5688B429C3CC70FF9243EECE /* Release.xcconfig */ = {isa = PBXFileReference; lastKnownFileType = text.xcconfig; path = Release.xcconfig; sourceTree = "<group>"; };
		58C27302D04D791A44DFCCE8 /* Localization.swift */ = {isa = PBXFileReference; lastKnownFileType = sourcecode.swift; path = Localization.swift; sourceTree = "<group>"; };
		5BFA2B5D6D34876577F4FF60 /* FeatureCapability.swift */ = {isa = PBXFileReference; lastKnownFileType = sourcecode.swift; path = FeatureCapability.swift; sourceTree = "<group>"; };
		6A4BCBD7554311D8EE1BEFB0 /* WidgetSnapshot.swift */ = {isa = PBXFileReference; lastKnownFileType = sourcecode.swift; path = WidgetSnapshot.swift; sourceTree = "<group>"; };
		6AE22E0BB70F71D6AF89D400 /* SecurityView.swift */ = {isa = PBXFileReference; lastKnownFileType = sourcecode.swift; path = SecurityView.swift; sourceTree = "<group>"; };
		70C61C850907860E18087902 /* SystemInfoMonitor.swift */ = {isa = PBXFileReference; lastKnownFileType = sourcecode.swift; path = SystemInfoMonitor.swift; sourceTree = "<group>"; };
		81582A32BC3C254809DD5791 /* MainView.swift */ = {isa = PBXFileReference; lastKnownFileType = sourcecode.swift; path = MainView.swift; sourceTree = "<group>"; };
		956A2D77E9E707DBD64F087E /* MacMonitorWidget.swift */ = {isa = PBXFileReference; lastKnownFileType = sourcecode.swift; path = MacMonitorWidget.swift; sourceTree = "<group>"; };
		A83B53EBCB4093365BA887AF /* LoadEvent.swift */ = {isa = PBXFileReference; lastKnownFileType = sourcecode.swift; path = LoadEvent.swift; sourceTree = "<group>"; };
		B93691DC41F67461F111D997 /* SecurityMonitor.swift */ = {isa = PBXFileReference; lastKnownFileType = sourcecode.swift; path = SecurityMonitor.swift; sourceTree = "<group>"; };
		BB3BE8547CA9B212E0414EF8 /* MemoryMonitor.swift */ = {isa = PBXFileReference; lastKnownFileType = sourcecode.swift; path = MemoryMonitor.swift; sourceTree = "<group>"; };
		BD1F2C69AD1FD9B851D86678 /* LoadHistoryView.swift */ = {isa = PBXFileReference; lastKnownFileType = sourcecode.swift; path = LoadHistoryView.swift; sourceTree = "<group>"; };
		CEBEBF8E63DEB8D50FA6BC21 /* Debug.xcconfig */ = {isa = PBXFileReference; lastKnownFileType = text.xcconfig; path = Debug.xcconfig; sourceTree = "<group>"; };
		DBA6795B7908176862982916 /* FanMonitor.swift */ = {isa = PBXFileReference; lastKnownFileType = sourcecode.swift; path = FanMonitor.swift; sourceTree = "<group>"; };
		DE0FDA23545B5F19F36EDEE5 /* ProcessMonitor.swift */ = {isa = PBXFileReference; lastKnownFileType = sourcecode.swift; path = ProcessMonitor.swift; sourceTree = "<group>"; };
		E834B54848ADAF8DFF62D71C /* AppDelegate.swift */ = {isa = PBXFileReference; lastKnownFileType = sourcecode.swift; path = AppDelegate.swift; sourceTree = "<group>"; };
		EA5244407161954467EF142D /* MenuBarView.swift */ = {isa = PBXFileReference; lastKnownFileType = sourcecode.swift; path = MenuBarView.swift; sourceTree = "<group>"; };
		F32BAECC0C63757D72D362C0 /* LoadEventRecorder.swift */ = {isa = PBXFileReference; lastKnownFileType = sourcecode.swift; path = LoadEventRecorder.swift; sourceTree = "<group>"; };
		F5EC59DCDA5FABDA409CDBCB /* MacMonitor.app */ = {isa = PBXFileReference; explicitFileType = wrapper.application; includeInIndex = 0; path = MacMonitor.app; sourceTree = BUILT_PRODUCTS_DIR; };
		FBD52C8558D54DA8D5A3ADF5 /* CPUView.swift */ = {isa = PBXFileReference; lastKnownFileType = sourcecode.swift; path = CPUView.swift; sourceTree = "<group>"; };
		FE2826049532D220AD15B67E /* DesignSystem.swift */ = {isa = PBXFileReference; lastKnownFileType = sourcecode.swift; path = DesignSystem.swift; sourceTree = "<group>"; };
/* End PBXFileReference section */

/* Begin PBXGroup section */
		0008CA8CD3F939F474A0E804 /* AppIntents */ = {
			isa = PBXGroup;
			children = (
				01EF8C6B4BDD942042F6B29E /* MacMonitorIntents.swift */,
			);
			path = AppIntents;
			sourceTree = "<group>";
		};
		19331EB6E9C13610DA6E7274 /* MacMonitor */ = {
			isa = PBXGroup;
			children = (
				66570646C9A37D81FB2EBAB1 /* App */,
				0008CA8CD3F939F474A0E804 /* AppIntents */,
				54DECE541142084C33D54903 /* Capabilities */,
				656B199759C64786CCCE610B /* Models */,
				E81F9F6D737A50F1E6D33A23 /* Monitors */,
				99CB206044F09FFCD13339D5 /* Resources */,
				FB4057E57CB317F37DCD83F7 /* Services */,
				C430BF48273D38FB8017AAB6 /* Views */,
			);
			path = MacMonitor;
			sourceTree = "<group>";
		};
		1E4B6EF5F92A76F77E44AEAD = {
			isa = PBXGroup;
			children = (
				661F5F5BCDE84F338C50DB92 /* Config */,
				19331EB6E9C13610DA6E7274 /* MacMonitor */,
				93BB91855DAC07FA210BE214 /* MacMonitorWidget */,
				C80C3EEE8F912F4B214102E3 /* Products */,
			);
			sourceTree = "<group>";
		};
		54DECE541142084C33D54903 /* Capabilities */ = {
			isa = PBXGroup;
			children = (
				5BFA2B5D6D34876577F4FF60 /* FeatureCapability.swift */,
			);
			path = Capabilities;
			sourceTree = "<group>";
		};
		656B199759C64786CCCE610B /* Models */ = {
			isa = PBXGroup;
			children = (
				34955E158139D57CB4AEBAAA /* CPUData.swift */,
				0C21C6B0BF954BB57774F2CA /* FanData.swift */,
				A83B53EBCB4093365BA887AF /* LoadEvent.swift */,
				2BE2A5209C6B8B7DFCBF28CB /* MemoryData.swift */,
				2A5384AD417E35DA97061EB4 /* ProcessData.swift */,
			);
			path = Models;
			sourceTree = "<group>";
		};
		661F5F5BCDE84F338C50DB92 /* Config */ = {
			isa = PBXGroup;
			children = (
				CEBEBF8E63DEB8D50FA6BC21 /* Debug.xcconfig */,
				5688B429C3CC70FF9243EECE /* Release.xcconfig */,
			);
			path = Config;
			sourceTree = "<group>";
		};
		66570646C9A37D81FB2EBAB1 /* App */ = {
			isa = PBXGroup;
			children = (
				E834B54848ADAF8DFF62D71C /* AppDelegate.swift */,
				58C27302D04D791A44DFCCE8 /* Localization.swift */,
				2B9919AF4029A1253D623A30 /* MacMonitorApp.swift */,
				5402A38F8A6102314D421E27 /* SystemMonitors.swift */,
			);
			path = App;
			sourceTree = "<group>";
		};
		93BB91855DAC07FA210BE214 /* MacMonitorWidget */ = {
			isa = PBXGroup;
			children = (
				956A2D77E9E707DBD64F087E /* MacMonitorWidget.swift */,
				6A4BCBD7554311D8EE1BEFB0 /* WidgetSnapshot.swift */,
			);
			path = MacMonitorWidget;
			sourceTree = "<group>";
		};
		99CB206044F09FFCD13339D5 /* Resources */ = {
			isa = PBXGroup;
			children = (
				3E18047C78AC4A9C76FD3C94 /* Assets.xcassets */,
			);
			path = Resources;
			sourceTree = "<group>";
		};
		C430BF48273D38FB8017AAB6 /* Views */ = {
			isa = PBXGroup;
			children = (
				FBD52C8558D54DA8D5A3ADF5 /* CPUView.swift */,
				FE2826049532D220AD15B67E /* DesignSystem.swift */,
				1845DA4C87C3D414273CEF78 /* FanView.swift */,
				1CB2C60089B525A44864FFE2 /* HelpView.swift */,
				5523231E0D21426130F4DC2C /* LoadEventRowView.swift */,
				BD1F2C69AD1FD9B851D86678 /* LoadHistoryView.swift */,
				81582A32BC3C254809DD5791 /* MainView.swift */,
				495F96A49A615ECA1C7F04F9 /* MemoryView.swift */,
				EA5244407161954467EF142D /* MenuBarView.swift */,
				2BE663062A164FF50AEA5A5B /* OverviewView.swift */,
				210136B7721E698A1ADE4EB7 /* ProcessView.swift */,
				6AE22E0BB70F71D6AF89D400 /* SecurityView.swift */,
				2F01EF23844F73A716485ABF /* SystemView.swift */,
			);
			path = Views;
			sourceTree = "<group>";
		};
		C80C3EEE8F912F4B214102E3 /* Products */ = {
			isa = PBXGroup;
			children = (
				F5EC59DCDA5FABDA409CDBCB /* MacMonitor.app */,
				2F42311BBE5B361C001A58F3 /* MacMonitorWidgetExtension.appex */,
			);
			name = Products;
			sourceTree = "<group>";
		};
		E81F9F6D737A50F1E6D33A23 /* Monitors */ = {
			isa = PBXGroup;
			children = (
				11933E46A4F4F8DA10206995 /* CPUMonitor.swift */,
				DBA6795B7908176862982916 /* FanMonitor.swift */,
				F32BAECC0C63757D72D362C0 /* LoadEventRecorder.swift */,
				BB3BE8547CA9B212E0414EF8 /* MemoryMonitor.swift */,
				39EF9DF604D44F110E13E700 /* NotificationManager.swift */,
				DE0FDA23545B5F19F36EDEE5 /* ProcessMonitor.swift */,
				B93691DC41F67461F111D997 /* SecurityMonitor.swift */,
				70C61C850907860E18087902 /* SystemInfoMonitor.swift */,
			);
			path = Monitors;
			sourceTree = "<group>";
		};
		FB4057E57CB317F37DCD83F7 /* Services */ = {
			isa = PBXGroup;
			children = (
				321FDCDABD11F6C980C23890 /* CodeSigningHelper.swift */,
				499E4FBFD2EE96C8B0DAEE0B /* SmartInsightsEngine.swift */,
				2E70571F193EF34743CB92A4 /* WidgetDataStore.swift */,
			);
			path = Services;
			sourceTree = "<group>";
		};
/* End PBXGroup section */

/* Begin PBXNativeTarget section */
		8DA8F83F9F811331FC56346B /* MacMonitor */ = {
			isa = PBXNativeTarget;
			buildConfigurationList = F8BFF00A996663DD56D3BBC8 /* Build configuration list for PBXNativeTarget "MacMonitor" */;
			buildPhases = (
				9F478799591119C7B9BC9B18 /* Sources */,
				D0DCCDDA1169F3F9C3A86D2D /* Resources */,
				6778239AA82D46FF0E987FF2 /* Embed Foundation Extensions */,
			);
			buildRules = (
			);
			dependencies = (
				BD356A45885CD9A8D449CFF0 /* PBXTargetDependency */,
			);
			name = MacMonitor;
			packageProductDependencies = (
			);
			productName = MacMonitor;
			productReference = F5EC59DCDA5FABDA409CDBCB /* MacMonitor.app */;
			productType = "com.apple.product-type.application";
		};
		CFF3C3DB347CB4A1C0805562 /* MacMonitorWidgetExtension */ = {
			isa = PBXNativeTarget;
			buildConfigurationList = F5CDD485E71292A73244AA7C /* Build configuration list for PBXNativeTarget "MacMonitorWidgetExtension" */;
			buildPhases = (
				7717696EC9CB340C7D85A67E /* Sources */,
			);
			buildRules = (
			);
			dependencies = (
			);
			name = MacMonitorWidgetExtension;
			packageProductDependencies = (
			);
			productName = MacMonitorWidgetExtension;
			productReference = 2F42311BBE5B361C001A58F3 /* MacMonitorWidgetExtension.appex */;
			productType = "com.apple.product-type.app-extension";
		};
/* End PBXNativeTarget section */

/* Begin PBXProject section */
		50A0A2115D830ED94B0DCD89 /* Project object */ = {
			isa = PBXProject;
			attributes = {
				BuildIndependentTargetsInParallel = YES;
				LastUpgradeCheck = 1430;
				TargetAttributes = {
					8DA8F83F9F811331FC56346B = {
						ProvisioningStyle = Automatic;
					};
					CFF3C3DB347CB4A1C0805562 = {
						ProvisioningStyle = Automatic;
					};
				};
			};
			buildConfigurationList = 00AAEAE8F34AB900B7EE6E43 /* Build configuration list for PBXProject "MacMonitor" */;
			developmentRegion = en;
			hasScannedForEncodings = 0;
			knownRegions = (
				Base,
				en,
			);
			mainGroup = 1E4B6EF5F92A76F77E44AEAD;
			minimizedProjectReferenceProxies = 1;
			preferredProjectObjectVersion = 77;
			productRefGroup = C80C3EEE8F912F4B214102E3 /* Products */;
			projectDirPath = "";
			projectRoot = "";
			targets = (
				8DA8F83F9F811331FC56346B /* MacMonitor */,
				CFF3C3DB347CB4A1C0805562 /* MacMonitorWidgetExtension */,
			);
		};
/* End PBXProject section */

/* Begin PBXResourcesBuildPhase section */
		D0DCCDDA1169F3F9C3A86D2D /* Resources */ = {
			isa = PBXResourcesBuildPhase;
			buildActionMask = 2147483647;
			files = (
				3E154C3EABA19A9BFE77011F /* Assets.xcassets in Resources */,
			);
			runOnlyForDeploymentPostprocessing = 0;
		};
/* End PBXResourcesBuildPhase section */

/* Begin PBXSourcesBuildPhase section */
		7717696EC9CB340C7D85A67E /* Sources */ = {
			isa = PBXSourcesBuildPhase;
			buildActionMask = 2147483647;
			files = (
				3BDF1F3C037AF0A7BB812C2B /* MacMonitorWidget.swift in Sources */,
				5CDB439FB0006D794192C21F /* WidgetSnapshot.swift in Sources */,
			);
			runOnlyForDeploymentPostprocessing = 0;
		};
		9F478799591119C7B9BC9B18 /* Sources */ = {
			isa = PBXSourcesBuildPhase;
			buildActionMask = 2147483647;
			files = (
				316C2DC444A9F6F0D2AD17C0 /* AppDelegate.swift in Sources */,
				1E301E7272D5513025342E71 /* CPUData.swift in Sources */,
				B18B89E38FB7F4C533A4BE19 /* CPUMonitor.swift in Sources */,
				1F345B9EE8331C61FCA39DA2 /* CPUView.swift in Sources */,
				408B256EA2F9153EC5499FF4 /* CodeSigningHelper.swift in Sources */,
				4CD089720258E11BF68E5874 /* DesignSystem.swift in Sources */,
				5AEC3BDAACED23FDA2EBE737 /* FanData.swift in Sources */,
				72EA111240EC76961784AD1A /* FanMonitor.swift in Sources */,
				51E697F2A7BD45976BE0C08B /* FanView.swift in Sources */,
				DCC0DFABA7BCA027E5B52AA6 /* FeatureCapability.swift in Sources */,
				7812050B3052647CAB45CC97 /* HelpView.swift in Sources */,
				3064C4B37B50BEDB46670382 /* LoadEvent.swift in Sources */,
				1C1B8C8A4BA0781437B2C80D /* LoadEventRecorder.swift in Sources */,
				E3EF4BBD5222100B60C5C9E1 /* LoadEventRowView.swift in Sources */,
				3F96E291BBD4118390C13A58 /* LoadHistoryView.swift in Sources */,
				792FC154738D5954BD362704 /* Localization.swift in Sources */,
				D4EBFBDA8EB9A3D16D699A0D /* MacMonitorApp.swift in Sources */,
				553995AFA191A8074469EB44 /* MacMonitorIntents.swift in Sources */,
				A453C0C552A4FA02C50D7748 /* MainView.swift in Sources */,
				4D2B04DBA3EE0D491652357C /* MemoryData.swift in Sources */,
				9C01D58BF62FC431CCD278CB /* MemoryMonitor.swift in Sources */,
				CF538FAB539219F76E4C5C12 /* MemoryView.swift in Sources */,
				CDE27241E2F7E2F005BD7D5C /* MenuBarView.swift in Sources */,
				0249CFCDE8ECEC720327A14E /* NotificationManager.swift in Sources */,
				3B67954B814F634CCC8E3317 /* OverviewView.swift in Sources */,
				513F95D66EFE7A0D66FE3C13 /* ProcessData.swift in Sources */,
				6E1FFA47A32BC7B2BED9C5F3 /* ProcessMonitor.swift in Sources */,
				FF8714B297FFE3A95D8F7076 /* ProcessView.swift in Sources */,
				A42A74AF694C824DE800EE76 /* SecurityMonitor.swift in Sources */,
				5CC99000CAF7E07B9019A1B1 /* SecurityView.swift in Sources */,
				9F39980D7FEBB8B644D41C56 /* SmartInsightsEngine.swift in Sources */,
				1F7BCA57A2FD51EB19DDDFC9 /* SystemInfoMonitor.swift in Sources */,
				EAFFCA3C08C91AF145E7C1DB /* SystemMonitors.swift in Sources */,
				20988019CC5446D5F45B7C93 /* SystemView.swift in Sources */,
				60B6F28F161D10ACB209F18B /* WidgetDataStore.swift in Sources */,
			);
			runOnlyForDeploymentPostprocessing = 0;
		};
/* End PBXSourcesBuildPhase section */

/* Begin PBXTargetDependency section */
		BD356A45885CD9A8D449CFF0 /* PBXTargetDependency */ = {
			isa = PBXTargetDependency;
			target = CFF3C3DB347CB4A1C0805562 /* MacMonitorWidgetExtension */;
			targetProxy = 928E9C84D44DB7CE759AB2DE /* PBXContainerItemProxy */;
		};
/* End PBXTargetDependency section */

/* Begin XCBuildConfiguration section */
		0925DED124D95BEF54688698 /* Release */ = {
			isa = XCBuildConfiguration;
			buildSettings = {
				CODE_SIGN_ENTITLEMENTS = MacMonitorWidget/Resources/MacMonitorWidget.entitlements;
				COMBINE_HIDPI_IMAGES = YES;
				INFOPLIST_FILE = MacMonitorWidget/Info.plist;
				LD_RUNPATH_SEARCH_PATHS = (
					"$(inherited)",
					"@executable_path/../Frameworks",
					"@executable_path/../../../../Frameworks",
				);
				MACOSX_DEPLOYMENT_TARGET = 13.0;
				PRODUCT_BUNDLE_IDENTIFIER = com.macmonitor.app.widget;
				PRODUCT_NAME = MacMonitorWidget;
				SDKROOT = macosx;
			};
			name = Release;
		};
		3BE0BD5FC635F9E80F31CE13 /* Debug */ = {
			isa = XCBuildConfiguration;
			buildSettings = {
				ASSETCATALOG_COMPILER_APPICON_NAME = AppIcon;
				CODE_SIGN_ENTITLEMENTS = MacMonitor/Resources/MacMonitor.entitlements;
				COMBINE_HIDPI_IMAGES = YES;
				GENERATE_INFOPLIST_FILE = YES;
				INFOPLIST_KEY_ITSAppUsesNonExemptEncryption = NO;
				INFOPLIST_KEY_LSUIElement = NO;
				INFOPLIST_KEY_NSHumanReadableCopyright = "Copyright © 2025 MacMonitor";
				INFOPLIST_KEY_NSPrincipalClass = NSApplication;
				INFOPLIST_KEY_NSSupportsAutomaticTermination = YES;
				INFOPLIST_KEY_NSSupportsSuddenTermination = YES;
				LD_RUNPATH_SEARCH_PATHS = (
					"$(inherited)",
					"@executable_path/../Frameworks",
				);
				MACOSX_DEPLOYMENT_TARGET = 13.0;
				PRIVACY_MANIFEST_PATH = MacMonitor/Resources/PrivacyInfo.xcprivacy;
				PRODUCT_BUNDLE_IDENTIFIER = com.macmonitor.app;
				PRODUCT_NAME = MacMonitor;
				SDKROOT = macosx;
			};
			name = Debug;
		};
		5B1AD1F77021853BC57757D7 /* Release */ = {
			isa = XCBuildConfiguration;
			baseConfigurationReference = 5688B429C3CC70FF9243EECE /* Release.xcconfig */;
			buildSettings = {
				ALWAYS_SEARCH_USER_PATHS = NO;
				CLANG_ANALYZER_NONNULL = YES;
				CLANG_ANALYZER_NUMBER_OBJECT_CONVERSION = YES_AGGRESSIVE;
				CLANG_CXX_LANGUAGE_STANDARD = "gnu++14";
				CLANG_CXX_LIBRARY = "libc++";
				CLANG_ENABLE_MODULES = YES;
				CLANG_ENABLE_OBJC_ARC = YES;
				CLANG_ENABLE_OBJC_WEAK = YES;
				CLANG_WARN_BLOCK_CAPTURE_AUTORELEASING = YES;
				CLANG_WARN_BOOL_CONVERSION = YES;
				CLANG_WARN_COMMA = YES;
				CLANG_WARN_CONSTANT_CONVERSION = YES;
				CLANG_WARN_DEPRECATED_OBJC_IMPLEMENTATIONS = YES;
				CLANG_WARN_DIRECT_OBJC_ISA_USAGE = YES_ERROR;
				CLANG_WARN_DOCUMENTATION_COMMENTS = YES;
				CLANG_WARN_EMPTY_BODY = YES;
				CLANG_WARN_ENUM_CONVERSION = YES;
				CLANG_WARN_INFINITE_RECURSION = YES;
				CLANG_WARN_INT_CONVERSION = YES;
				CLANG_WARN_NON_LITERAL_NULL_CONVERSION = YES;
				CLANG_WARN_OBJC_IMPLICIT_RETAIN_SELF = YES;
				CLANG_WARN_OBJC_LITERAL_CONVERSION = YES;
				CLANG_WARN_OBJC_ROOT_CLASS = YES_ERROR;
				CLANG_WARN_QUOTED_INCLUDE_IN_FRAMEWORK_HEADER = YES;
				CLANG_WARN_RANGE_LOOP_ANALYSIS = YES;
				CLANG_WARN_STRICT_PROTOTYPES = YES;
				CLANG_WARN_SUSPICIOUS_MOVE = YES;
				CLANG_WARN_UNGUARDED_AVAILABILITY = YES_AGGRESSIVE;
				CLANG_WARN_UNREACHABLE_CODE = YES;
				CLANG_WARN__DUPLICATE_METHOD_MATCH = YES;
				CODE_SIGN_STYLE = Automatic;
				COPY_PHASE_STRIP = NO;
				CURRENT_PROJECT_VERSION = 3;
				DEBUG_INFORMATION_FORMAT = "dwarf-with-dsym";
				ENABLE_HARDENED_RUNTIME = YES;
				ENABLE_NS_ASSERTIONS = NO;
				ENABLE_STRICT_OBJC_MSGSEND = YES;
				GCC_C_LANGUAGE_STANDARD = gnu11;
				GCC_NO_COMMON_BLOCKS = YES;
				GCC_WARN_64_TO_32_BIT_CONVERSION = YES;
				GCC_WARN_ABOUT_RETURN_TYPE = YES_ERROR;
				GCC_WARN_UNDECLARED_SELECTOR = YES;
				GCC_WARN_UNINITIALIZED_AUTOS = YES_AGGRESSIVE;
				GCC_WARN_UNUSED_FUNCTION = YES;
				GCC_WARN_UNUSED_VARIABLE = YES;
				MACOSX_DEPLOYMENT_TARGET = 13.0;
				MARKETING_VERSION = 2.1;
				MTL_ENABLE_DEBUG_INFO = NO;
				MTL_FAST_MATH = YES;
				PRODUCT_NAME = "$(TARGET_NAME)";
				SDKROOT = macosx;
				SWIFT_COMPILATION_MODE = wholemodule;
				SWIFT_OPTIMIZATION_LEVEL = "-O";
				SWIFT_VERSION = 5.0;
			};
			name = Release;
		};
		67DE32FBD89D242E194436AA /* Debug */ = {
			isa = XCBuildConfiguration;
			baseConfigurationReference = CEBEBF8E63DEB8D50FA6BC21 /* Debug.xcconfig */;
			buildSettings = {
				ALWAYS_SEARCH_USER_PATHS = NO;
				CLANG_ANALYZER_NONNULL = YES;
				CLANG_ANALYZER_NUMBER_OBJECT_CONVERSION = YES_AGGRESSIVE;
				CLANG_CXX_LANGUAGE_STANDARD = "gnu++14";
				CLANG_CXX_LIBRARY = "libc++";
				CLANG_ENABLE_MODULES = YES;
				CLANG_ENABLE_OBJC_ARC = YES;
				CLANG_ENABLE_OBJC_WEAK = YES;
				CLANG_WARN_BLOCK_CAPTURE_AUTORELEASING = YES;
				CLANG_WARN_BOOL_CONVERSION = YES;
				CLANG_WARN_COMMA = YES;
				CLANG_WARN_CONSTANT_CONVERSION = YES;
				CLANG_WARN_DEPRECATED_OBJC_IMPLEMENTATIONS = YES;
				CLANG_WARN_DIRECT_OBJC_ISA_USAGE = YES_ERROR;
				CLANG_WARN_DOCUMENTATION_COMMENTS = YES;
				CLANG_WARN_EMPTY_BODY = YES;
				CLANG_WARN_ENUM_CONVERSION = YES;
				CLANG_WARN_INFINITE_RECURSION = YES;
				CLANG_WARN_INT_CONVERSION = YES;
				CLANG_WARN_NON_LITERAL_NULL_CONVERSION = YES;
				CLANG_WARN_OBJC_IMPLICIT_RETAIN_SELF = YES;
				CLANG_WARN_OBJC_LITERAL_CONVERSION = YES;
				CLANG_WARN_OBJC_ROOT_CLASS = YES_ERROR;
				CLANG_WARN_QUOTED_INCLUDE_IN_FRAMEWORK_HEADER = YES;
				CLANG_WARN_RANGE_LOOP_ANALYSIS = YES;
				CLANG_WARN_STRICT_PROTOTYPES = YES;
				CLANG_WARN_SUSPICIOUS_MOVE = YES;
				CLANG_WARN_UNGUARDED_AVAILABILITY = YES_AGGRESSIVE;
				CLANG_WARN_UNREACHABLE_CODE = YES;
				CLANG_WARN__DUPLICATE_METHOD_MATCH = YES;
				CODE_SIGN_STYLE = Automatic;
				COPY_PHASE_STRIP = NO;
				CURRENT_PROJECT_VERSION = 3;
				DEBUG_INFORMATION_FORMAT = dwarf;
				ENABLE_HARDENED_RUNTIME = YES;
				ENABLE_STRICT_OBJC_MSGSEND = YES;
				ENABLE_TESTABILITY = YES;
				GCC_C_LANGUAGE_STANDARD = gnu11;
				GCC_DYNAMIC_NO_PIC = NO;
				GCC_NO_COMMON_BLOCKS = YES;
				GCC_OPTIMIZATION_LEVEL = 0;
				GCC_PREPROCESSOR_DEFINITIONS = (
					"$(inherited)",
					"DEBUG=1",
				);
				GCC_WARN_64_TO_32_BIT_CONVERSION = YES;
				GCC_WARN_ABOUT_RETURN_TYPE = YES_ERROR;
				GCC_WARN_UNDECLARED_SELECTOR = YES;
				GCC_WARN_UNINITIALIZED_AUTOS = YES_AGGRESSIVE;
				GCC_WARN_UNUSED_FUNCTION = YES;
				GCC_WARN_UNUSED_VARIABLE = YES;
				MACOSX_DEPLOYMENT_TARGET = 13.0;
				MARKETING_VERSION = 2.1;
				MTL_ENABLE_DEBUG_INFO = INCLUDE_SOURCE;
				MTL_FAST_MATH = YES;
				ONLY_ACTIVE_ARCH = YES;
				PRODUCT_NAME = "$(TARGET_NAME)";
				SDKROOT = macosx;
				SWIFT_ACTIVE_COMPILATION_CONDITIONS = DEBUG;
				SWIFT_OPTIMIZATION_LEVEL = "-Onone";
				SWIFT_VERSION = 5.0;
			};
			name = Debug;
		};
		7FA38ECBD02E9FC203FFF0EA /* Release */ = {
			isa = XCBuildConfiguration;
			buildSettings = {
				ASSETCATALOG_COMPILER_APPICON_NAME = AppIcon;
				CODE_SIGN_ENTITLEMENTS = MacMonitor/Resources/MacMonitor.entitlements;
				COMBINE_HIDPI_IMAGES = YES;
				GENERATE_INFOPLIST_FILE = YES;
				INFOPLIST_KEY_ITSAppUsesNonExemptEncryption = NO;
				INFOPLIST_KEY_LSUIElement = NO;
				INFOPLIST_KEY_NSHumanReadableCopyright = "Copyright © 2025 MacMonitor";
				INFOPLIST_KEY_NSPrincipalClass = NSApplication;
				INFOPLIST_KEY_NSSupportsAutomaticTermination = YES;
				INFOPLIST_KEY_NSSupportsSuddenTermination = YES;
				LD_RUNPATH_SEARCH_PATHS = (
					"$(inherited)",
					"@executable_path/../Frameworks",
				);
				MACOSX_DEPLOYMENT_TARGET = 13.0;
				PRIVACY_MANIFEST_PATH = MacMonitor/Resources/PrivacyInfo.xcprivacy;
				PRODUCT_BUNDLE_IDENTIFIER = com.macmonitor.app;
				PRODUCT_NAME = MacMonitor;
				SDKROOT = macosx;
			};
			name = Release;
		};
		B42320F5CFB827B9F1A1FACE /* Debug */ = {
			isa = XCBuildConfiguration;
			buildSettings = {
				CODE_SIGN_ENTITLEMENTS = MacMonitorWidget/Resources/MacMonitorWidget.entitlements;
				COMBINE_HIDPI_IMAGES = YES;
				INFOPLIST_FILE = MacMonitorWidget/Info.plist;
				LD_RUNPATH_SEARCH_PATHS = (
					"$(inherited)",
					"@executable_path/../Frameworks",
					"@executable_path/../../../../Frameworks",
				);
				MACOSX_DEPLOYMENT_TARGET = 13.0;
				PRODUCT_BUNDLE_IDENTIFIER = com.macmonitor.app.widget;
				PRODUCT_NAME = MacMonitorWidget;
				SDKROOT = macosx;
			};
			name = Debug;
		};
/* End XCBuildConfiguration section */

/* Begin XCConfigurationList section */
		00AAEAE8F34AB900B7EE6E43 /* Build configuration list for PBXProject "MacMonitor" */ = {
			isa = XCConfigurationList;
			buildConfigurations = (
				67DE32FBD89D242E194436AA /* Debug */,
				5B1AD1F77021853BC57757D7 /* Release */,
			);
			defaultConfigurationIsVisible = 0;
			defaultConfigurationName = Debug;
		};
		F5CDD485E71292A73244AA7C /* Build configuration list for PBXNativeTarget "MacMonitorWidgetExtension" */ = {
			isa = XCConfigurationList;
			buildConfigurations = (
				B42320F5CFB827B9F1A1FACE /* Debug */,
				0925DED124D95BEF54688698 /* Release */,
			);
			defaultConfigurationIsVisible = 0;
			defaultConfigurationName = Debug;
		};
		F8BFF00A996663DD56D3BBC8 /* Build configuration list for PBXNativeTarget "MacMonitor" */ = {
			isa = XCConfigurationList;
			buildConfigurations = (
				3BE0BD5FC635F9E80F31CE13 /* Debug */,
				7FA38ECBD02E9FC203FFF0EA /* Release */,
			);
			defaultConfigurationIsVisible = 0;
			defaultConfigurationName = Debug;
		};
/* End XCConfigurationList section */
	};
	rootObject = 50A0A2115D830ED94B0DCD89 /* Project object */;
}
